// !$*UTF8*$!
{
	archiveVersion = 1;
	classes = {
	};
	objectVersion = 46;
	objects = {

/* Begin PBXBuildFile section */
		603894C850C36239D3EB1F78 /* Pods_FinBuddyTests.framework in Frameworks */ = {isa = PBXBuildFile; fileRef = 373A8B8D7D576B5FAB1CBC32 /* Pods_FinBuddyTests.framework */; };
		C79F664139E7CCBAA03C826A /* Pods_FinBuddy.framework in Frameworks */ = {isa = PBXBuildFile; fileRef = 7C44844B54664B4DA0EB3B9F /* Pods_FinBuddy.framework */; };
		F36765231E870974000EDE1B /* AppDelegate.swift in Sources */ = {isa = PBXBuildFile; fileRef = F36765221E870974000EDE1B /* AppDelegate.swift */; };
		F36765251E870974000EDE1B /* LoginVC.swift in Sources */ = {isa = PBXBuildFile; fileRef = F36765241E870974000EDE1B /* LoginVC.swift */; };
		F36765281E870974000EDE1B /* Main.storyboard in Resources */ = {isa = PBXBuildFile; fileRef = F36765261E870974000EDE1B /* Main.storyboard */; };
		F367652A1E870974000EDE1B /* Assets.xcassets in Resources */ = {isa = PBXBuildFile; fileRef = F36765291E870974000EDE1B /* Assets.xcassets */; };
		F367652D1E870974000EDE1B /* LaunchScreen.storyboard in Resources */ = {isa = PBXBuildFile; fileRef = F367652B1E870974000EDE1B /* LaunchScreen.storyboard */; };
		F36765381E870975000EDE1B /* FinBuddyTests.swift in Sources */ = {isa = PBXBuildFile; fileRef = F36765371E870975000EDE1B /* FinBuddyTests.swift */; };
		F36765431E8719C3000EDE1B /* HomeVC.swift in Sources */ = {isa = PBXBuildFile; fileRef = F36765421E8719C3000EDE1B /* HomeVC.swift */; };
		F36765451E872199000EDE1B /* RegisterVC.swift in Sources */ = {isa = PBXBuildFile; fileRef = F36765441E872199000EDE1B /* RegisterVC.swift */; };
		F36765471E873323000EDE1B /* MonthBudgetVC.swift in Sources */ = {isa = PBXBuildFile; fileRef = F36765461E873323000EDE1B /* MonthBudgetVC.swift */; };
		F3D057AE1E87676F0069FBE0 /* LivingExpensesVC.swift in Sources */ = {isa = PBXBuildFile; fileRef = F3D057AD1E87676F0069FBE0 /* LivingExpensesVC.swift */; };
		F3D057B01E8782FA0069FBE0 /* HowICompareVC.swift in Sources */ = {isa = PBXBuildFile; fileRef = F3D057AF1E8782FA0069FBE0 /* HowICompareVC.swift */; };
		F3D057B21E878BFE0069FBE0 /* MyData.swift in Sources */ = {isa = PBXBuildFile; fileRef = F3D057B11E878BFE0069FBE0 /* MyData.swift */; };
		F3D057B41E8798170069FBE0 /* AssessmentVC.swift in Sources */ = {isa = PBXBuildFile; fileRef = F3D057B31E8798170069FBE0 /* AssessmentVC.swift */; };
		F3D057B81E87C4BE0069FBE0 /* EditVC.swift in Sources */ = {isa = PBXBuildFile; fileRef = F3D057B71E87C4BE0069FBE0 /* EditVC.swift */; };
		F3D057BA1E87C9660069FBE0 /* TransitionManager.swift in Sources */ = {isa = PBXBuildFile; fileRef = F3D057B91E87C9660069FBE0 /* TransitionManager.swift */; };
		F3D057BC1E87D02A0069FBE0 /* ChartsVC.swift in Sources */ = {isa = PBXBuildFile; fileRef = F3D057BB1E87D02A0069FBE0 /* ChartsVC.swift */; };
		F3D057BE1E87D1EF0069FBE0 /* ComparisonVC.swift in Sources */ = {isa = PBXBuildFile; fileRef = F3D057BD1E87D1EF0069FBE0 /* ComparisonVC.swift */; };
		F3D7C1361E8836FE0054E39C /* Charts.framework in Frameworks */ = {isa = PBXBuildFile; fileRef = F3D7C1351E8836FE0054E39C /* Charts.framework */; };
/* End PBXBuildFile section */

/* Begin PBXContainerItemProxy section */
		F36765341E870975000EDE1B /* PBXContainerItemProxy */ = {
			isa = PBXContainerItemProxy;
			containerPortal = F36765171E870974000EDE1B /* Project object */;
			proxyType = 1;
			remoteGlobalIDString = F367651E1E870974000EDE1B;
			remoteInfo = FinBuddy;
		};
/* End PBXContainerItemProxy section */

/* Begin PBXFileReference section */
		373A8B8D7D576B5FAB1CBC32 /* Pods_FinBuddyTests.framework */ = {isa = PBXFileReference; explicitFileType = wrapper.framework; includeInIndex = 0; path = Pods_FinBuddyTests.framework; sourceTree = BUILT_PRODUCTS_DIR; };
		3D4FB4385F7DC92725860F72 /* Pods-FinBuddy.debug.xcconfig */ = {isa = PBXFileReference; includeInIndex = 1; lastKnownFileType = text.xcconfig; name = "Pods-FinBuddy.debug.xcconfig"; path = "Pods/Target Support Files/Pods-FinBuddy/Pods-FinBuddy.debug.xcconfig"; sourceTree = "<group>"; };
		7C44844B54664B4DA0EB3B9F /* Pods_FinBuddy.framework */ = {isa = PBXFileReference; explicitFileType = wrapper.framework; includeInIndex = 0; path = Pods_FinBuddy.framework; sourceTree = BUILT_PRODUCTS_DIR; };
		7EDA9710E3C2A3D1FB33AF36 /* Pods-FinBuddyTests.debug.xcconfig */ = {isa = PBXFileReference; includeInIndex = 1; lastKnownFileType = text.xcconfig; name = "Pods-FinBuddyTests.debug.xcconfig"; path = "Pods/Target Support Files/Pods-FinBuddyTests/Pods-FinBuddyTests.debug.xcconfig"; sourceTree = "<group>"; };
		8048E6A2035B8D01B3F48117 /* Pods-FinBuddy.release.xcconfig */ = {isa = PBXFileReference; includeInIndex = 1; lastKnownFileType = text.xcconfig; name = "Pods-FinBuddy.release.xcconfig"; path = "Pods/Target Support Files/Pods-FinBuddy/Pods-FinBuddy.release.xcconfig"; sourceTree = "<group>"; };
		9A8AA03A58A62E39849C25A6 /* Pods-FinBuddyTests.release.xcconfig */ = {isa = PBXFileReference; includeInIndex = 1; lastKnownFileType = text.xcconfig; name = "Pods-FinBuddyTests.release.xcconfig"; path = "Pods/Target Support Files/Pods-FinBuddyTests/Pods-FinBuddyTests.release.xcconfig"; sourceTree = "<group>"; };
		F367651F1E870974000EDE1B /* FinBuddy.app */ = {isa = PBXFileReference; explicitFileType = wrapper.application; includeInIndex = 0; path = FinBuddy.app; sourceTree = BUILT_PRODUCTS_DIR; };
		F36765221E870974000EDE1B /* AppDelegate.swift */ = {isa = PBXFileReference; lastKnownFileType = sourcecode.swift; path = AppDelegate.swift; sourceTree = "<group>"; };
		F36765241E870974000EDE1B /* LoginVC.swift */ = {isa = PBXFileReference; lastKnownFileType = sourcecode.swift; path = LoginVC.swift; sourceTree = "<group>"; };
		F36765271E870974000EDE1B /* Base */ = {isa = PBXFileReference; lastKnownFileType = file.storyboard; name = Base; path = Base.lproj/Main.storyboard; sourceTree = "<group>"; };
		F36765291E870974000EDE1B /* Assets.xcassets */ = {isa = PBXFileReference; lastKnownFileType = folder.assetcatalog; path = Assets.xcassets; sourceTree = "<group>"; };
		F367652C1E870974000EDE1B /* Base */ = {isa = PBXFileReference; lastKnownFileType = file.storyboard; name = Base; path = Base.lproj/LaunchScreen.storyboard; sourceTree = "<group>"; };
		F367652E1E870974000EDE1B /* Info.plist */ = {isa = PBXFileReference; lastKnownFileType = text.plist.xml; path = Info.plist; sourceTree = "<group>"; };
		F36765331E870975000EDE1B /* FinBuddyTests.xctest */ = {isa = PBXFileReference; explicitFileType = wrapper.cfbundle; includeInIndex = 0; path = FinBuddyTests.xctest; sourceTree = BUILT_PRODUCTS_DIR; };
		F36765371E870975000EDE1B /* FinBuddyTests.swift */ = {isa = PBXFileReference; lastKnownFileType = sourcecode.swift; path = FinBuddyTests.swift; sourceTree = "<group>"; };
		F36765391E870975000EDE1B /* Info.plist */ = {isa = PBXFileReference; lastKnownFileType = text.plist.xml; path = Info.plist; sourceTree = "<group>"; };
		F36765421E8719C3000EDE1B /* HomeVC.swift */ = {isa = PBXFileReference; fileEncoding = 4; lastKnownFileType = sourcecode.swift; path = HomeVC.swift; sourceTree = "<group>"; };
		F36765441E872199000EDE1B /* RegisterVC.swift */ = {isa = PBXFileReference; fileEncoding = 4; lastKnownFileType = sourcecode.swift; path = RegisterVC.swift; sourceTree = "<group>"; };
		F36765461E873323000EDE1B /* MonthBudgetVC.swift */ = {isa = PBXFileReference; fileEncoding = 4; lastKnownFileType = sourcecode.swift; path = MonthBudgetVC.swift; sourceTree = "<group>"; };
		F3D057AD1E87676F0069FBE0 /* LivingExpensesVC.swift */ = {isa = PBXFileReference; fileEncoding = 4; lastKnownFileType = sourcecode.swift; path = LivingExpensesVC.swift; sourceTree = "<group>"; };
		F3D057AF1E8782FA0069FBE0 /* HowICompareVC.swift */ = {isa = PBXFileReference; fileEncoding = 4; lastKnownFileType = sourcecode.swift; path = HowICompareVC.swift; sourceTree = "<group>"; };
		F3D057B11E878BFE0069FBE0 /* MyData.swift */ = {isa = PBXFileReference; fileEncoding = 4; lastKnownFileType = sourcecode.swift; path = MyData.swift; sourceTree = "<group>"; };
		F3D057B31E8798170069FBE0 /* AssessmentVC.swift */ = {isa = PBXFileReference; fileEncoding = 4; lastKnownFileType = sourcecode.swift; path = AssessmentVC.swift; sourceTree = "<group>"; };
		F3D057B71E87C4BE0069FBE0 /* EditVC.swift */ = {isa = PBXFileReference; fileEncoding = 4; lastKnownFileType = sourcecode.swift; path = EditVC.swift; sourceTree = "<group>"; };
		F3D057B91E87C9660069FBE0 /* TransitionManager.swift */ = {isa = PBXFileReference; fileEncoding = 4; lastKnownFileType = sourcecode.swift; path = TransitionManager.swift; sourceTree = "<group>"; };
		F3D057BB1E87D02A0069FBE0 /* ChartsVC.swift */ = {isa = PBXFileReference; fileEncoding = 4; lastKnownFileType = sourcecode.swift; path = ChartsVC.swift; sourceTree = "<group>"; };
		F3D057BD1E87D1EF0069FBE0 /* ComparisonVC.swift */ = {isa = PBXFileReference; fileEncoding = 4; lastKnownFileType = sourcecode.swift; path = ComparisonVC.swift; sourceTree = "<group>"; };
		F3D7C1351E8836FE0054E39C /* Charts.framework */ = {isa = PBXFileReference; lastKnownFileType = wrapper.framework; name = Charts.framework; path = "../../../Library/Developer/Xcode/DerivedData/FinBuddy-atqtvdtzstcmougcmwbscdylsscl/Build/Products/Debug-iphoneos/Charts/Charts.framework"; sourceTree = "<group>"; };
/* End PBXFileReference section */

/* Begin PBXFrameworksBuildPhase section */
		F367651C1E870974000EDE1B /* Frameworks */ = {
			isa = PBXFrameworksBuildPhase;
			buildActionMask = 2147483647;
			files = (
				F3D7C1361E8836FE0054E39C /* Charts.framework in Frameworks */,
				C79F664139E7CCBAA03C826A /* Pods_FinBuddy.framework in Frameworks */,
			);
			runOnlyForDeploymentPostprocessing = 0;
		};
		F36765301E870975000EDE1B /* Frameworks */ = {
			isa = PBXFrameworksBuildPhase;
			buildActionMask = 2147483647;
			files = (
				603894C850C36239D3EB1F78 /* Pods_FinBuddyTests.framework in Frameworks */,
			);
			runOnlyForDeploymentPostprocessing = 0;
		};
/* End PBXFrameworksBuildPhase section */

/* Begin PBXGroup section */
		14094A3D060C72E31C744199 /* Pods */ = {
			isa = PBXGroup;
			children = (
				3D4FB4385F7DC92725860F72 /* Pods-FinBuddy.debug.xcconfig */,
				8048E6A2035B8D01B3F48117 /* Pods-FinBuddy.release.xcconfig */,
				7EDA9710E3C2A3D1FB33AF36 /* Pods-FinBuddyTests.debug.xcconfig */,
				9A8AA03A58A62E39849C25A6 /* Pods-FinBuddyTests.release.xcconfig */,
			);
			name = Pods;
			sourceTree = "<group>";
		};
		C55695CD8788FA53F0A7C78B /* Frameworks */ = {
			isa = PBXGroup;
			children = (
				F3D7C1351E8836FE0054E39C /* Charts.framework */,
				7C44844B54664B4DA0EB3B9F /* Pods_FinBuddy.framework */,
				373A8B8D7D576B5FAB1CBC32 /* Pods_FinBuddyTests.framework */,
			);
			name = Frameworks;
			sourceTree = "<group>";
		};
		F36765161E870974000EDE1B = {
			isa = PBXGroup;
			children = (
				F36765211E870974000EDE1B /* FinBuddy */,
				F36765361E870975000EDE1B /* FinBuddyTests */,
				F36765201E870974000EDE1B /* Products */,
				14094A3D060C72E31C744199 /* Pods */,
				C55695CD8788FA53F0A7C78B /* Frameworks */,
			);
			sourceTree = "<group>";
		};
		F36765201E870974000EDE1B /* Products */ = {
			isa = PBXGroup;
			children = (
				F367651F1E870974000EDE1B /* FinBuddy.app */,
				F36765331E870975000EDE1B /* FinBuddyTests.xctest */,
			);
			name = Products;
			sourceTree = "<group>";
		};
		F36765211E870974000EDE1B /* FinBuddy */ = {
			isa = PBXGroup;
			children = (
				F36765221E870974000EDE1B /* AppDelegate.swift */,
				F36765241E870974000EDE1B /* LoginVC.swift */,
				F36765261E870974000EDE1B /* Main.storyboard */,
				F36765291E870974000EDE1B /* Assets.xcassets */,
				F367652B1E870974000EDE1B /* LaunchScreen.storyboard */,
				F367652E1E870974000EDE1B /* Info.plist */,
				F36765421E8719C3000EDE1B /* HomeVC.swift */,
				F36765441E872199000EDE1B /* RegisterVC.swift */,
				F36765461E873323000EDE1B /* MonthBudgetVC.swift */,
				F3D057AD1E87676F0069FBE0 /* LivingExpensesVC.swift */,
				F3D057AF1E8782FA0069FBE0 /* HowICompareVC.swift */,
				F3D057B11E878BFE0069FBE0 /* MyData.swift */,
				F3D057B31E8798170069FBE0 /* AssessmentVC.swift */,
				F3D057B71E87C4BE0069FBE0 /* EditVC.swift */,
				F3D057B91E87C9660069FBE0 /* TransitionManager.swift */,
				F3D057BB1E87D02A0069FBE0 /* ChartsVC.swift */,
				F3D057BD1E87D1EF0069FBE0 /* ComparisonVC.swift */,
			);
			path = FinBuddy;
			sourceTree = "<group>";
		};
		F36765361E870975000EDE1B /* FinBuddyTests */ = {
			isa = PBXGroup;
			children = (
				F36765371E870975000EDE1B /* FinBuddyTests.swift */,
				F36765391E870975000EDE1B /* Info.plist */,
			);
			path = FinBuddyTests;
			sourceTree = "<group>";
		};
/* End PBXGroup section */

/* Begin PBXNativeTarget section */
		F367651E1E870974000EDE1B /* FinBuddy */ = {
			isa = PBXNativeTarget;
			buildConfigurationList = F367653C1E870975000EDE1B /* Build configuration list for PBXNativeTarget "FinBuddy" */;
			buildPhases = (
				7E8ED9770587043C30E6B589 /* [CP] Check Pods Manifest.lock */,
				F367651B1E870974000EDE1B /* Sources */,
				F367651C1E870974000EDE1B /* Frameworks */,
				F367651D1E870974000EDE1B /* Resources */,
				2835D515235D2EE3EC1E451C /* [CP] Embed Pods Frameworks */,
				C364BB9458EF13BDF59E0DF4 /* [CP] Copy Pods Resources */,
			);
			buildRules = (
			);
			dependencies = (
			);
			name = FinBuddy;
			productName = FinBuddy;
			productReference = F367651F1E870974000EDE1B /* FinBuddy.app */;
			productType = "com.apple.product-type.application";
		};
		F36765321E870975000EDE1B /* FinBuddyTests */ = {
			isa = PBXNativeTarget;
			buildConfigurationList = F367653F1E870975000EDE1B /* Build configuration list for PBXNativeTarget "FinBuddyTests" */;
			buildPhases = (
				29F67950578B23E9DFB87033 /* [CP] Check Pods Manifest.lock */,
				F367652F1E870975000EDE1B /* Sources */,
				F36765301E870975000EDE1B /* Frameworks */,
				F36765311E870975000EDE1B /* Resources */,
				F7812C97C1D582A3261B8C9C /* [CP] Embed Pods Frameworks */,
				007375AFC15A61B0EA4DD3E9 /* [CP] Copy Pods Resources */,
			);
			buildRules = (
			);
			dependencies = (
				F36765351E870975000EDE1B /* PBXTargetDependency */,
			);
			name = FinBuddyTests;
			productName = FinBuddyTests;
			productReference = F36765331E870975000EDE1B /* FinBuddyTests.xctest */;
			productType = "com.apple.product-type.bundle.unit-test";
		};
/* End PBXNativeTarget section */

/* Begin PBXProject section */
		F36765171E870974000EDE1B /* Project object */ = {
			isa = PBXProject;
			attributes = {
				LastSwiftUpdateCheck = 0820;
				LastUpgradeCheck = 0820;
				ORGANIZATIONNAME = "Gregory Johnson";
				TargetAttributes = {
					F367651E1E870974000EDE1B = {
						CreatedOnToolsVersion = 8.2.1;
						DevelopmentTeam = 7QWR6CR34U;
						ProvisioningStyle = Automatic;
					};
					F36765321E870975000EDE1B = {
						CreatedOnToolsVersion = 8.2.1;
						DevelopmentTeam = 7QWR6CR34U;
						ProvisioningStyle = Automatic;
						TestTargetID = F367651E1E870974000EDE1B;
					};
				};
			};
			buildConfigurationList = F367651A1E870974000EDE1B /* Build configuration list for PBXProject "FinBuddy" */;
			compatibilityVersion = "Xcode 3.2";
			developmentRegion = English;
			hasScannedForEncodings = 0;
			knownRegions = (
				en,
				Base,
			);
			mainGroup = F36765161E870974000EDE1B;
			productRefGroup = F36765201E870974000EDE1B /* Products */;
			projectDirPath = "";
			projectRoot = "";
			targets = (
				F367651E1E870974000EDE1B /* FinBuddy */,
				F36765321E870975000EDE1B /* FinBuddyTests */,
			);
		};
/* End PBXProject section */

/* Begin PBXResourcesBuildPhase section */
		F367651D1E870974000EDE1B /* Resources */ = {
			isa = PBXResourcesBuildPhase;
			buildActionMask = 2147483647;
			files = (
				F367652D1E870974000EDE1B /* LaunchScreen.storyboard in Resources */,
				F367652A1E870974000EDE1B /* Assets.xcassets in Resources */,
				F36765281E870974000EDE1B /* Main.storyboard in Resources */,
			);
			runOnlyForDeploymentPostprocessing = 0;
		};
		F36765311E870975000EDE1B /* Resources */ = {
			isa = PBXResourcesBuildPhase;
			buildActionMask = 2147483647;
			files = (
			);
			runOnlyForDeploymentPostprocessing = 0;
		};
/* End PBXResourcesBuildPhase section */

/* Begin PBXShellScriptBuildPhase section */
		007375AFC15A61B0EA4DD3E9 /* [CP] Copy Pods Resources */ = {
			isa = PBXShellScriptBuildPhase;
			buildActionMask = 2147483647;
			files = (
			);
			inputPaths = (
			);
			name = "[CP] Copy Pods Resources";
			outputPaths = (
			);
			runOnlyForDeploymentPostprocessing = 0;
			shellPath = /bin/sh;
			shellScript = "\"${SRCROOT}/Pods/Target Support Files/Pods-FinBuddyTests/Pods-FinBuddyTests-resources.sh\"\n";
			showEnvVarsInLog = 0;
		};
		2835D515235D2EE3EC1E451C /* [CP] Embed Pods Frameworks */ = {
			isa = PBXShellScriptBuildPhase;
			buildActionMask = 2147483647;
			files = (
			);
			inputPaths = (
			);
			name = "[CP] Embed Pods Frameworks";
			outputPaths = (
			);
			runOnlyForDeploymentPostprocessing = 0;
			shellPath = /bin/sh;
			shellScript = "\"${SRCROOT}/Pods/Target Support Files/Pods-FinBuddy/Pods-FinBuddy-frameworks.sh\"\n";
			showEnvVarsInLog = 0;
		};
		29F67950578B23E9DFB87033 /* [CP] Check Pods Manifest.lock */ = {
			isa = PBXShellScriptBuildPhase;
			buildActionMask = 2147483647;
			files = (
			);
			inputPaths = (
			);
			name = "[CP] Check Pods Manifest.lock";
			outputPaths = (
			);
			runOnlyForDeploymentPostprocessing = 0;
			shellPath = /bin/sh;
			shellScript = "diff \"${PODS_ROOT}/../Podfile.lock\" \"${PODS_ROOT}/Manifest.lock\" > /dev/null\nif [ $? != 0 ] ; then\n    # print error to STDERR\n    echo \"error: The sandbox is not in sync with the Podfile.lock. Run 'pod install' or update your CocoaPods installation.\" >&2\n    exit 1\nfi\n";
			showEnvVarsInLog = 0;
		};
		7E8ED9770587043C30E6B589 /* [CP] Check Pods Manifest.lock */ = {
			isa = PBXShellScriptBuildPhase;
			buildActionMask = 2147483647;
			files = (
			);
			inputPaths = (
			);
			name = "[CP] Check Pods Manifest.lock";
			outputPaths = (
			);
			runOnlyForDeploymentPostprocessing = 0;
			shellPath = /bin/sh;
			shellScript = "diff \"${PODS_ROOT}/../Podfile.lock\" \"${PODS_ROOT}/Manifest.lock\" > /dev/null\nif [ $? != 0 ] ; then\n    # print error to STDERR\n    echo \"error: The sandbox is not in sync with the Podfile.lock. Run 'pod install' or update your CocoaPods installation.\" >&2\n    exit 1\nfi\n";
			showEnvVarsInLog = 0;
		};
		C364BB9458EF13BDF59E0DF4 /* [CP] Copy Pods Resources */ = {
			isa = PBXShellScriptBuildPhase;
			buildActionMask = 2147483647;
			files = (
			);
			inputPaths = (
			);
			name = "[CP] Copy Pods Resources";
			outputPaths = (
			);
			runOnlyForDeploymentPostprocessing = 0;
			shellPath = /bin/sh;
			shellScript = "\"${SRCROOT}/Pods/Target Support Files/Pods-FinBuddy/Pods-FinBuddy-resources.sh\"\n";
			showEnvVarsInLog = 0;
		};
		F7812C97C1D582A3261B8C9C /* [CP] Embed Pods Frameworks */ = {
			isa = PBXShellScriptBuildPhase;
			buildActionMask = 2147483647;
			files = (
			);
			inputPaths = (
			);
			name = "[CP] Embed Pods Frameworks";
			outputPaths = (
			);
			runOnlyForDeploymentPostprocessing = 0;
			shellPath = /bin/sh;
			shellScript = "\"${SRCROOT}/Pods/Target Support Files/Pods-FinBuddyTests/Pods-FinBuddyTests-frameworks.sh\"\n";
			showEnvVarsInLog = 0;
		};
/* End PBXShellScriptBuildPhase section */

/* Begin PBXSourcesBuildPhase section */
		F367651B1E870974000EDE1B /* Sources */ = {
			isa = PBXSourcesBuildPhase;
			buildActionMask = 2147483647;
			files = (
				F3D057BA1E87C9660069FBE0 /* TransitionManager.swift in Sources */,
				F3D057B81E87C4BE0069FBE0 /* EditVC.swift in Sources */,
				F36765471E873323000EDE1B /* MonthBudgetVC.swift in Sources */,
				F36765431E8719C3000EDE1B /* HomeVC.swift in Sources */,
				F3D057BC1E87D02A0069FBE0 /* ChartsVC.swift in Sources */,
				F3D057AE1E87676F0069FBE0 /* LivingExpensesVC.swift in Sources */,
				F3D057B41E8798170069FBE0 /* AssessmentVC.swift in Sources */,
				F3D057B01E8782FA0069FBE0 /* HowICompareVC.swift in Sources */,
				F36765451E872199000EDE1B /* RegisterVC.swift in Sources */,
				F36765251E870974000EDE1B /* LoginVC.swift in Sources */,
				F36765231E870974000EDE1B /* AppDelegate.swift in Sources */,
				F3D057B21E878BFE0069FBE0 /* MyData.swift in Sources */,
				F3D057BE1E87D1EF0069FBE0 /* ComparisonVC.swift in Sources */,
			);
			runOnlyForDeploymentPostprocessing = 0;
		};
		F367652F1E870975000EDE1B /* Sources */ = {
			isa = PBXSourcesBuildPhase;
			buildActionMask = 2147483647;
			files = (
				F36765381E870975000EDE1B /* FinBuddyTests.swift in Sources */,
			);
			runOnlyForDeploymentPostprocessing = 0;
		};
/* End PBXSourcesBuildPhase section */

/* Begin PBXTargetDependency section */
		F36765351E870975000EDE1B /* PBXTargetDependency */ = {
			isa = PBXTargetDependency;
			target = F367651E1E870974000EDE1B /* FinBuddy */;
			targetProxy = F36765341E870975000EDE1B /* PBXContainerItemProxy */;
		};
/* End PBXTargetDependency section */

/* Begin PBXVariantGroup section */
		F36765261E870974000EDE1B /* Main.storyboard */ = {
			isa = PBXVariantGroup;
			children = (
				F36765271E870974000EDE1B /* Base */,
			);
			name = Main.storyboard;
			sourceTree = "<group>";
		};
		F367652B1E870974000EDE1B /* LaunchScreen.storyboard */ = {
			isa = PBXVariantGroup;
			children = (
				F367652C1E870974000EDE1B /* Base */,
			);
			name = LaunchScreen.storyboard;
			sourceTree = "<group>";
		};
/* End PBXVariantGroup section */

/* Begin XCBuildConfiguration section */
		F367653A1E870975000EDE1B /* Debug */ = {
			isa = XCBuildConfiguration;
			buildSettings = {
				ALWAYS_SEARCH_USER_PATHS = NO;
				CLANG_ANALYZER_NONNULL = YES;
				CLANG_CXX_LANGUAGE_STANDARD = "gnu++0x";
				CLANG_CXX_LIBRARY = "libc++";
				CLANG_ENABLE_MODULES = YES;
				CLANG_ENABLE_OBJC_ARC = YES;
				CLANG_WARN_BOOL_CONVERSION = YES;
				CLANG_WARN_CONSTANT_CONVERSION = YES;
				CLANG_WARN_DIRECT_OBJC_ISA_USAGE = YES_ERROR;
				CLANG_WARN_DOCUMENTATION_COMMENTS = YES;
				CLANG_WARN_EMPTY_BODY = YES;
				CLANG_WARN_ENUM_CONVERSION = YES;
				CLANG_WARN_INFINITE_RECURSION = YES;
				CLANG_WARN_INT_CONVERSION = YES;
				CLANG_WARN_OBJC_ROOT_CLASS = YES_ERROR;
				CLANG_WARN_SUSPICIOUS_MOVE = YES;
				CLANG_WARN_UNREACHABLE_CODE = YES;
				CLANG_WARN__DUPLICATE_METHOD_MATCH = YES;
				"CODE_SIGN_IDENTITY[sdk=iphoneos*]" = "iPhone Developer";
				COPY_PHASE_STRIP = NO;
				DEBUG_INFORMATION_FORMAT = dwarf;
				ENABLE_STRICT_OBJC_MSGSEND = YES;
				ENABLE_TESTABILITY = YES;
				GCC_C_LANGUAGE_STANDARD = gnu99;
				GCC_DYNAMIC_NO_PIC = NO;
				GCC_NO_COMMON_BLOCKS = YES;
				GCC_OPTIMIZATION_LEVEL = 0;
				GCC_PREPROCESSOR_DEFINITIONS = (
					"DEBUG=1",
					"$(inherited)",
				);
				GCC_WARN_64_TO_32_BIT_CONVERSION = YES;
				GCC_WARN_ABOUT_RETURN_TYPE = YES_ERROR;
				GCC_WARN_UNDECLARED_SELECTOR = YES;
				GCC_WARN_UNINITIALIZED_AUTOS = YES_AGGRESSIVE;
				GCC_WARN_UNUSED_FUNCTION = YES;
				GCC_WARN_UNUSED_VARIABLE = YES;
				IPHONEOS_DEPLOYMENT_TARGET = 10.2;
				MTL_ENABLE_DEBUG_INFO = YES;
				ONLY_ACTIVE_ARCH = YES;
				SDKROOT = iphoneos;
				SWIFT_ACTIVE_COMPILATION_CONDITIONS = DEBUG;
				SWIFT_OPTIMIZATION_LEVEL = "-Onone";
			};
			name = Debug;
		};
		F367653B1E870975000EDE1B /* Release */ = {
			isa = XCBuildConfiguration;
			buildSettings = {
				ALWAYS_SEARCH_USER_PATHS = NO;
				CLANG_ANALYZER_NONNULL = YES;
				CLANG_CXX_LANGUAGE_STANDARD = "gnu++0x";
				CLANG_CXX_LIBRARY = "libc++";
				CLANG_ENABLE_MODULES = YES;
				CLANG_ENABLE_OBJC_ARC = YES;
				CLANG_WARN_BOOL_CONVERSION = YES;
				CLANG_WARN_CONSTANT_CONVERSION = YES;
				CLANG_WARN_DIRECT_OBJC_ISA_USAGE = YES_ERROR;
				CLANG_WARN_DOCUMENTATION_COMMENTS = YES;
				CLANG_WARN_EMPTY_BODY = YES;
				CLANG_WARN_ENUM_CONVERSION = YES;
				CLANG_WARN_INFINITE_RECURSION = YES;
				CLANG_WARN_INT_CONVERSION = YES;
				CLANG_WARN_OBJC_ROOT_CLASS = YES_ERROR;
				CLANG_WARN_SUSPICIOUS_MOVE = YES;
				CLANG_WARN_UNREACHABLE_CODE = YES;
				CLANG_WARN__DUPLICATE_METHOD_MATCH = YES;
				"CODE_SIGN_IDENTITY[sdk=iphoneos*]" = "iPhone Developer";
				COPY_PHASE_STRIP = NO;
				DEBUG_INFORMATION_FORMAT = "dwarf-with-dsym";
				ENABLE_NS_ASSERTIONS = NO;
				ENABLE_STRICT_OBJC_MSGSEND = YES;
				GCC_C_LANGUAGE_STANDARD = gnu99;
				GCC_NO_COMMON_BLOCKS = YES;
				GCC_WARN_64_TO_32_BIT_CONVERSION = YES;
				GCC_WARN_ABOUT_RETURN_TYPE = YES_ERROR;
				GCC_WARN_UNDECLARED_SELECTOR = YES;
				GCC_WARN_UNINITIALIZED_AUTOS = YES_AGGRESSIVE;
				GCC_WARN_UNUSED_FUNCTION = YES;
				GCC_WARN_UNUSED_VARIABLE = YES;
				IPHONEOS_DEPLOYMENT_TARGET = 10.2;
				MTL_ENABLE_DEBUG_INFO = NO;
				SDKROOT = iphoneos;
				SWIFT_OPTIMIZATION_LEVEL = "-Owholemodule";
				VALIDATE_PRODUCT = YES;
			};
			name = Release;
		};
		F367653D1E870975000EDE1B /* Debug */ = {
			isa = XCBuildConfiguration;
			baseConfigurationReference = 3D4FB4385F7DC92725860F72 /* Pods-FinBuddy.debug.xcconfig */;
			buildSettings = {
				ASSETCATALOG_COMPILER_APPICON_NAME = AppIcon;
				DEVELOPMENT_TEAM = 7QWR6CR34U;
				INFOPLIST_FILE = FinBuddy/Info.plist;
				IPHONEOS_DEPLOYMENT_TARGET = 10.2;
				LD_RUNPATH_SEARCH_PATHS = "$(inherited) @executable_path/Frameworks";
				PRODUCT_BUNDLE_IDENTIFIER = GAJ.FinBuddy;
				PRODUCT_NAME = "$(TARGET_NAME)";
				SWIFT_VERSION = 3.0;
			};
			name = Debug;
		};
		F367653E1E870975000EDE1B /* Release */ = {
			isa = XCBuildConfiguration;
			baseConfigurationReference = 8048E6A2035B8D01B3F48117 /* Pods-FinBuddy.release.xcconfig */;
			buildSettings = {
				ASSETCATALOG_COMPILER_APPICON_NAME = AppIcon;
				DEVELOPMENT_TEAM = 7QWR6CR34U;
				INFOPLIST_FILE = FinBuddy/Info.plist;
				IPHONEOS_DEPLOYMENT_TARGET = 10.2;
				LD_RUNPATH_SEARCH_PATHS = "$(inherited) @executable_path/Frameworks";
				PRODUCT_BUNDLE_IDENTIFIER = GAJ.FinBuddy;
				PRODUCT_NAME = "$(TARGET_NAME)";
				SWIFT_VERSION = 3.0;
			};
			name = Release;
		};
		F36765401E870975000EDE1B /* Debug */ = {
			isa = XCBuildConfiguration;
			baseConfigurationReference = 7EDA9710E3C2A3D1FB33AF36 /* Pods-FinBuddyTests.debug.xcconfig */;
			buildSettings = {
				ALWAYS_EMBED_SWIFT_STANDARD_LIBRARIES = YES;
				BUNDLE_LOADER = "$(TEST_HOST)";
				DEVELOPMENT_TEAM = 7QWR6CR34U;
				INFOPLIST_FILE = FinBuddyTests/Info.plist;
				LD_RUNPATH_SEARCH_PATHS = "$(inherited) @executable_path/Frameworks @loader_path/Frameworks";
				PRODUCT_BUNDLE_IDENTIFIER = GAJ.FinBuddyTests;
				PRODUCT_NAME = "$(TARGET_NAME)";
				SWIFT_VERSION = 3.0;
				TEST_HOST = "$(BUILT_PRODUCTS_DIR)/FinBuddy.app/FinBuddy";
			};
			name = Debug;
		};
		F36765411E870975000EDE1B /* Release */ = {
			isa = XCBuildConfiguration;
			baseConfigurationReference = 9A8AA03A58A62E39849C25A6 /* Pods-FinBuddyTests.release.xcconfig */;
			buildSettings = {
				ALWAYS_EMBED_SWIFT_STANDARD_LIBRARIES = YES;
				BUNDLE_LOADER = "$(TEST_HOST)";
				DEVELOPMENT_TEAM = 7QWR6CR34U;
				INFOPLIST_FILE = FinBuddyTests/Info.plist;
				LD_RUNPATH_SEARCH_PATHS = "$(inherited) @executable_path/Frameworks @loader_path/Frameworks";
				PRODUCT_BUNDLE_IDENTIFIER = GAJ.FinBuddyTests;
				PRODUCT_NAME = "$(TARGET_NAME)";
				SWIFT_VERSION = 3.0;
				TEST_HOST = "$(BUILT_PRODUCTS_DIR)/FinBuddy.app/FinBuddy";
			};
			name = Release;
		};
/* End XCBuildConfiguration section */

/* Begin XCConfigurationList section */
		F367651A1E870974000EDE1B /* Build configuration list for PBXProject "FinBuddy" */ = {
			isa = XCConfigurationList;
			buildConfigurations = (
				F367653A1E870975000EDE1B /* Debug */,
				F367653B1E870975000EDE1B /* Release */,
			);
			defaultConfigurationIsVisible = 0;
			defaultConfigurationName = Release;
		};
		F367653C1E870975000EDE1B /* Build configuration list for PBXNativeTarget "FinBuddy" */ = {
			isa = XCConfigurationList;
			buildConfigurations = (
				F367653D1E870975000EDE1B /* Debug */,
				F367653E1E870975000EDE1B /* Release */,
			);
			defaultConfigurationIsVisible = 0;
			defaultConfigurationName = Release;
		};
		F367653F1E870975000EDE1B /* Build configuration list for PBXNativeTarget "FinBuddyTests" */ = {
			isa = XCConfigurationList;
			buildConfigurations = (
				F36765401E870975000EDE1B /* Debug */,
				F36765411E870975000EDE1B /* Release */,
			);
			defaultConfigurationIsVisible = 0;
			defaultConfigurationName = Release;
		};
/* End XCConfigurationList section */
	};
	rootObject = F36765171E870974000EDE1B /* Project object */;
}
